{
  "name": "node_study",
  "version": "1.0.0",
  "lockfileVersion": 2,
  "requires": true,
  "packages": {
    "": {
      "name": "node_study",
      "version": "1.0.0",
      "license": "ISC",
      "dependencies": {
        "egg-exmail": "^1.0.4",
        "nzh": "^1.0.5",
        "past-time": "^1.0.3",
        "solarlunar": "^2.0.7"
      }
    },
    "node_modules/axios": {
      "version": "0.21.3",
      "resolved": "https://registry.nlark.com/axios/download/axios-0.21.3.tgz?cache=0&sync_timestamp=1630782409101&other_urls=https%3A%2F%2Fregistry.nlark.com%2Faxios%2Fdownload%2Faxios-0.21.3.tgz",
      "integrity": "sha1-+F2bdH+bZtWcpGNgXO3xhEhyuC4=",
      "dependencies": {
        "follow-redirects": "^1.14.0"
      }
    },
    "node_modules/egg-exmail": {
      "version": "1.0.4",
      "resolved": "https://registry.nlark.com/egg-exmail/download/egg-exmail-1.0.4.tgz",
      "integrity": "sha1-fSjuUFeZyDt3QZCOWaM0PXgG3Nk=",
      "dependencies": {
        "axios": "^0.21.1"
      },
      "engines": {
        "node": ">=8.0.0"
      }
    },
    "node_modules/follow-redirects": {
      "version": "1.14.3",
      "resolved": "https://registry.nlark.com/follow-redirects/download/follow-redirects-1.14.3.tgz",
      "integrity": "sha1-atp4EY2NJMruWVWVrM3ArGq9Ai4=",
      "engines": {
        "node": ">=4.0"
      }
    },
    "node_modules/nzh": {
      "version": "1.0.5",
      "resolved": "https://registry.nlark.com/nzh/download/nzh-1.0.5.tgz?cache=0&sync_timestamp=1625217133164&other_urls=https%3A%2F%2Fregistry.nlark.com%2Fnzh%2Fdownload%2Fnzh-1.0.5.tgz",
      "integrity": "sha1-XYBXyhCpO5sZiue9xd16C4Za8D8="
    },
    "node_modules/past-time": {
      "version": "1.0.3",
      "resolved": "https://registry.nlark.com/past-time/download/past-time-1.0.3.tgz",
      "integrity": "sha1-W2ugCJDm017si2Cq8CeF+3eMLUQ="
    },
    "node_modules/solarlunar": {
      "version": "2.0.7",
      "resolved": "https://registry.npm.taobao.org/solarlunar/download/solarlunar-2.0.7.tgz",
      "integrity": "sha1-syPhVgKPpf/LRNKLZO96LjkMz/k="
    }
  },
  "dependencies": {
    "axios": {
      "version": "0.21.3",
      "resolved": "https://registry.nlark.com/axios/download/axios-0.21.3.tgz?cache=0&sync_timestamp=1630782409101&other_urls=https%3A%2F%2Fregistry.nlark.com%2Faxios%2Fdownload%2Faxios-0.21.3.tgz",
      "integrity": "sha1-+F2bdH+bZtWcpGNgXO3xhEhyuC4=",
      "requires": {
        "follow-redirects": "^1.14.0"
      }
    },
    "egg-exmail": {
      "version": "1.0.4",
      "resolved": "https://registry.nlark.com/egg-exmail/download/egg-exmail-1.0.4.tgz",
      "integrity": "sha1-fSjuUFeZyDt3QZCOWaM0PXgG3Nk=",
      "requires": {
        "axios": "^0.21.1"
      }
    },
    "follow-redirects": {
      "version": "1.14.3",
      "resolved": "https://registry.nlark.com/follow-redirects/download/follow-redirects-1.14.3.tgz",
      "integrity": "sha1-atp4EY2NJMruWVWVrM3ArGq9Ai4="
    },
    "nzh": {
      "version": "1.0.5",
      "resolved": "https://registry.nlark.com/nzh/download/nzh-1.0.5.tgz?cache=0&sync_timestamp=1625217133164&other_urls=https%3A%2F%2Fregistry.nlark.com%2Fnzh%2Fdownload%2Fnzh-1.0.5.tgz",
      "integrity": "sha1-XYBXyhCpO5sZiue9xd16C4Za8D8="
    },
    "past-time": {
      "version": "1.0.3",
      "resolved": "https://registry.nlark.com/past-time/download/past-time-1.0.3.tgz",
      "integrity": "sha1-W2ugCJDm017si2Cq8CeF+3eMLUQ="
    },
    "solarlunar": {
      "version": "2.0.7",
      "resolved": "https://registry.npm.taobao.org/solarlunar/download/solarlunar-2.0.7.tgz",
      "integrity": "sha1-syPhVgKPpf/LRNKLZO96LjkMz/k="
    }
  }
}
